
Microsoft Visual Studio Solution File, Format Version 12.00
# Visual Studio Version 17
VisualStudioVersion = 17.14.36310.24 d17.14
MinimumVisualStudioVersion = 10.0.40219.1
Project("{8BC9CEB8-8B4A-11D0-8D11-00A0C91BC942}") = "Book assessment 2", "Book assessment 2\Book assessment 2.vcxproj", "{9645F1F5-5B8E-4230-A3B9-A4F8FD28C722}"
EndProject
Global
	GlobalSection(SolutionConfigurationPlatforms) = preSolution
		Debug|x64 = Debug|x64
		Debug|x86 = Debug|x86
		Release|x64 = Release|x64
		Release|x86 = Release|x86
	EndGlobalSection
	GlobalSection(ProjectConfigurationPlatforms) = postSolution
		{9645F1F5-5B8E-4230-A3B9-A4F8FD28C722}.Debug|x64.ActiveCfg = Debug|x64
		{9645F1F5-5B8E-4230-A3B9-A4F8FD28C722}.Debug|x64.Build.0 = Debug|x64
		{9645F1F5-5B8E-4230-A3B9-A4F8FD28C722}.Debug|x86.ActiveCfg = Debug|Win32
		{9645F1F5-5B8E-4230-A3B9-A4F8FD28C722}.Debug|x86.Build.0 = Debug|Win32
		{9645F1F5-5B8E-4230-A3B9-A4F8FD28C722}.Release|x64.ActiveCfg = Release|x64
		{9645F1F5-5B8E-4230-A3B9-A4F8FD28C722}.Release|x64.Build.0 = Release|x64
		{9645F1F5-5B8E-4230-A3B9-A4F8FD28C722}.Release|x86.ActiveCfg = Release|Win32
		{9645F1F5-5B8E-4230-A3B9-A4F8FD28C722}.Release|x86.Build.0 = Release|Win32
	EndGlobalSection
	GlobalSection(SolutionProperties) = preSolution
		HideSolutionNode = FALSE
	EndGlobalSection
	GlobalSection(ExtensibilityGlobals) = postSolution
		SolutionGuid = {1A60C870-DA96-4A2F-B2A5-21A360CDEC2B}
	EndGlobalSection
EndGlobal
